
Microsoft Visual Studio Solution File, Format Version 12.00
# Visual Studio Version 17
VisualStudioVersion = 17.0.32126.317
MinimumVisualStudioVersion = 10.0.40219.1
Project("{9A19103F-16F7-4668-BE54-9A1E7A4F7556}") = "Api-Movies", "Api-Movies\Api-Movies.csproj", "{046622AE-C110-4FF6-A58C-7E44286A6BBF}"
EndProject
Project("{FAE04EC0-301F-11D3-BF4B-00C04F79EFBC}") = "Unitest", "Unitest\Unitest.csproj", "{FFA47E3B-CD4F-48C5-9356-3E66CFE065D9}"
EndProject
Global
	GlobalSection(SolutionConfigurationPlatforms) = preSolution
		Debug|Any CPU = Debug|Any CPU
		Release|Any CPU = Release|Any CPU
	EndGlobalSection
	GlobalSection(ProjectConfigurationPlatforms) = postSolution
		{046622AE-C110-4FF6-A58C-7E44286A6BBF}.Debug|Any CPU.ActiveCfg = Debug|Any CPU
		{046622AE-C110-4FF6-A58C-7E44286A6BBF}.Debug|Any CPU.Build.0 = Debug|Any CPU
		{046622AE-C110-4FF6-A58C-7E44286A6BBF}.Release|Any CPU.ActiveCfg = Release|Any CPU
		{046622AE-C110-4FF6-A58C-7E44286A6BBF}.Release|Any CPU.Build.0 = Release|Any CPU
		{FFA47E3B-CD4F-48C5-9356-3E66CFE065D9}.Debug|Any CPU.ActiveCfg = Debug|Any CPU
		{FFA47E3B-CD4F-48C5-9356-3E66CFE065D9}.Debug|Any CPU.Build.0 = Debug|Any CPU
		{FFA47E3B-CD4F-48C5-9356-3E66CFE065D9}.Release|Any CPU.ActiveCfg = Release|Any CPU
		{FFA47E3B-CD4F-48C5-9356-3E66CFE065D9}.Release|Any CPU.Build.0 = Release|Any CPU
	EndGlobalSection
	GlobalSection(SolutionProperties) = preSolution
		HideSolutionNode = FALSE
	EndGlobalSection
	GlobalSection(ExtensibilityGlobals) = postSolution
		SolutionGuid = {7A3784AF-3D8E-4C1B-9E95-11E6F8B01E8E}
	EndGlobalSection
EndGlobal
